// !$*UTF8*$!
{
	archiveVersion = 1;
	classes = {
	};
	objectVersion = 55;
	objects = {

/* Begin PBXBuildFile section */
		4C389E752747BFC700F026B3 /* AppDelegate.swift in Sources */ = {isa = PBXBuildFile; fileRef = 4C389E742747BFC700F026B3 /* AppDelegate.swift */; };
		4C389E7E2747BFC800F026B3 /* Assets.xcassets in Resources */ = {isa = PBXBuildFile; fileRef = 4C389E7D2747BFC800F026B3 /* Assets.xcassets */; };
		4C389E812747BFC800F026B3 /* LaunchScreen.storyboard in Resources */ = {isa = PBXBuildFile; fileRef = 4C389E7F2747BFC800F026B3 /* LaunchScreen.storyboard */; };
		4C389E962747BFC900F026B3 /* DigidentityUITests.swift in Sources */ = {isa = PBXBuildFile; fileRef = 4C389E952747BFC900F026B3 /* DigidentityUITests.swift */; };
		4C389E982747BFC900F026B3 /* DigidentityUITestsLaunchTests.swift in Sources */ = {isa = PBXBuildFile; fileRef = 4C389E972747BFC900F026B3 /* DigidentityUITestsLaunchTests.swift */; };
		4CAA2AFE2747CA53006D0DDA /* ErrorService.swift in Sources */ = {isa = PBXBuildFile; fileRef = 4CAA2AFD2747CA53006D0DDA /* ErrorService.swift */; };
		4CAA2B002747CAFB006D0DDA /* Enums.swift in Sources */ = {isa = PBXBuildFile; fileRef = 4CAA2AFF2747CAFB006D0DDA /* Enums.swift */; };
		4CAA2B022747CB23006D0DDA /* Extensions.swift in Sources */ = {isa = PBXBuildFile; fileRef = 4CAA2B012747CB23006D0DDA /* Extensions.swift */; };
		4CAA2B042747CB74006D0DDA /* Router.swift in Sources */ = {isa = PBXBuildFile; fileRef = 4CAA2B032747CB74006D0DDA /* Router.swift */; };
		4CAA2B082747CC4B006D0DDA /* CatalogItem.swift in Sources */ = {isa = PBXBuildFile; fileRef = 4CAA2B072747CC4B006D0DDA /* CatalogItem.swift */; };
		4CAA2B0A2747CC5B006D0DDA /* CatalogParams.swift in Sources */ = {isa = PBXBuildFile; fileRef = 4CAA2B092747CC5B006D0DDA /* CatalogParams.swift */; };
		4CAA2B0C2747CCD5006D0DDA /* RouterTest.swift in Sources */ = {isa = PBXBuildFile; fileRef = 4CAA2B0B2747CCD5006D0DDA /* RouterTest.swift */; };
		4CAA2B0E2747CD6A006D0DDA /* TestConstants.swift in Sources */ = {isa = PBXBuildFile; fileRef = 4CAA2B0D2747CD6A006D0DDA /* TestConstants.swift */; };
		4CAA2B102747CDBE006D0DDA /* APIService.swift in Sources */ = {isa = PBXBuildFile; fileRef = 4CAA2B0F2747CDBE006D0DDA /* APIService.swift */; };
		4CAA2B122747CE35006D0DDA /* APIServiceTest.swift in Sources */ = {isa = PBXBuildFile; fileRef = 4CAA2B112747CE35006D0DDA /* APIServiceTest.swift */; };
		4CAA2B142747D101006D0DDA /* AES256.swift in Sources */ = {isa = PBXBuildFile; fileRef = 4CAA2B132747D101006D0DDA /* AES256.swift */; };
		4CAA2B162747D11A006D0DDA /* CryptorHelper.swift in Sources */ = {isa = PBXBuildFile; fileRef = 4CAA2B152747D11A006D0DDA /* CryptorHelper.swift */; };
		4CAA2B182747D193006D0DDA /* CryptorHelperTest.swift in Sources */ = {isa = PBXBuildFile; fileRef = 4CAA2B172747D193006D0DDA /* CryptorHelperTest.swift */; };
		4CAA2B1A2747D761006D0DDA /* Cacher.swift in Sources */ = {isa = PBXBuildFile; fileRef = 4CAA2B192747D761006D0DDA /* Cacher.swift */; };
		4CAA2B1C2747D852006D0DDA /* CacherTest.swift in Sources */ = {isa = PBXBuildFile; fileRef = 4CAA2B1B2747D852006D0DDA /* CacherTest.swift */; };
		4CAA2B1E2747D9A4006D0DDA /* CatalogListViewModel.swift in Sources */ = {isa = PBXBuildFile; fileRef = 4CAA2B1D2747D9A4006D0DDA /* CatalogListViewModel.swift */; };
		4CAA2B202747D9DD006D0DDA /* CatalogCellViewModel.swift in Sources */ = {isa = PBXBuildFile; fileRef = 4CAA2B1F2747D9DD006D0DDA /* CatalogCellViewModel.swift */; };
		4CAA2B222747DB87006D0DDA /* CatalogListViewModelTest.swift in Sources */ = {isa = PBXBuildFile; fileRef = 4CAA2B212747DB87006D0DDA /* CatalogListViewModelTest.swift */; };
		4CAA2B242747DBA8006D0DDA /* Items.json in Resources */ = {isa = PBXBuildFile; fileRef = 4CAA2B232747DBA8006D0DDA /* Items.json */; };
		4CAA2B2C2747E230006D0DDA /* UIView+Anchor.swift in Sources */ = {isa = PBXBuildFile; fileRef = 4CAA2B2B2747E230006D0DDA /* UIView+Anchor.swift */; };
		4CAA2B2E2747E29B006D0DDA /* Extension+UIColor.swift in Sources */ = {isa = PBXBuildFile; fileRef = 4CAA2B2D2747E29B006D0DDA /* Extension+UIColor.swift */; };
		4CAA2B302747E4EB006D0DDA /* Extension+UIImageView.swift in Sources */ = {isa = PBXBuildFile; fileRef = 4CAA2B2F2747E4EB006D0DDA /* Extension+UIImageView.swift */; };
		4CAA2B322747E541006D0DDA /* BaseViewController.swift in Sources */ = {isa = PBXBuildFile; fileRef = 4CAA2B312747E541006D0DDA /* BaseViewController.swift */; };
		4CAA2B372747E65E006D0DDA /* CatalogCell.swift in Sources */ = {isa = PBXBuildFile; fileRef = 4CAA2B362747E65E006D0DDA /* CatalogCell.swift */; };
		4CAA2B392747E690006D0DDA /* LoadingCell.swift in Sources */ = {isa = PBXBuildFile; fileRef = 4CAA2B382747E690006D0DDA /* LoadingCell.swift */; };
		4CAA2B3C2747E70A006D0DDA /* CatalogCollectionView.swift in Sources */ = {isa = PBXBuildFile; fileRef = 4CAA2B3B2747E70A006D0DDA /* CatalogCollectionView.swift */; };
		4CAA2B3F2747E7AC006D0DDA /* CatalogCollectionViewDelegate.swift in Sources */ = {isa = PBXBuildFile; fileRef = 4CAA2B3E2747E7AC006D0DDA /* CatalogCollectionViewDelegate.swift */; };
		4CAA2B422747E80A006D0DDA /* CatalogListViewController.swift in Sources */ = {isa = PBXBuildFile; fileRef = 4CAA2B412747E80A006D0DDA /* CatalogListViewController.swift */; };
		4CAA2B442747E878006D0DDA /* CatalogDetailViewController.swift in Sources */ = {isa = PBXBuildFile; fileRef = 4CAA2B432747E878006D0DDA /* CatalogDetailViewController.swift */; };
/* End PBXBuildFile section */

/* Begin PBXContainerItemProxy section */
		4C389E882747BFC800F026B3 /* PBXContainerItemProxy */ = {
			isa = PBXContainerItemProxy;
			containerPortal = 4C389E692747BFC700F026B3 /* Project object */;
			proxyType = 1;
			remoteGlobalIDString = 4C389E702747BFC700F026B3;
			remoteInfo = Digidentity;
		};
		4C389E922747BFC900F026B3 /* PBXContainerItemProxy */ = {
			isa = PBXContainerItemProxy;
			containerPortal = 4C389E692747BFC700F026B3 /* Project object */;
			proxyType = 1;
			remoteGlobalIDString = 4C389E702747BFC700F026B3;
			remoteInfo = Digidentity;
		};
/* End PBXContainerItemProxy section */

/* Begin PBXFileReference section */
		4C389E712747BFC700F026B3 /* Digidentity.app */ = {isa = PBXFileReference; explicitFileType = wrapper.application; includeInIndex = 0; path = Digidentity.app; sourceTree = BUILT_PRODUCTS_DIR; };
		4C389E742747BFC700F026B3 /* AppDelegate.swift */ = {isa = PBXFileReference; lastKnownFileType = sourcecode.swift; path = AppDelegate.swift; sourceTree = "<group>"; };
		4C389E7D2747BFC800F026B3 /* Assets.xcassets */ = {isa = PBXFileReference; lastKnownFileType = folder.assetcatalog; path = Assets.xcassets; sourceTree = "<group>"; };
		4C389E802747BFC800F026B3 /* Base */ = {isa = PBXFileReference; lastKnownFileType = file.storyboard; name = Base; path = Base.lproj/LaunchScreen.storyboard; sourceTree = "<group>"; };
		4C389E822747BFC800F026B3 /* Info.plist */ = {isa = PBXFileReference; lastKnownFileType = text.plist.xml; path = Info.plist; sourceTree = "<group>"; };
		4C389E872747BFC800F026B3 /* DigidentityTests.xctest */ = {isa = PBXFileReference; explicitFileType = wrapper.cfbundle; includeInIndex = 0; path = DigidentityTests.xctest; sourceTree = BUILT_PRODUCTS_DIR; };
		4C389E912747BFC800F026B3 /* DigidentityUITests.xctest */ = {isa = PBXFileReference; explicitFileType = wrapper.cfbundle; includeInIndex = 0; path = DigidentityUITests.xctest; sourceTree = BUILT_PRODUCTS_DIR; };
		4C389E952747BFC900F026B3 /* DigidentityUITests.swift */ = {isa = PBXFileReference; lastKnownFileType = sourcecode.swift; path = DigidentityUITests.swift; sourceTree = "<group>"; };
		4C389E972747BFC900F026B3 /* DigidentityUITestsLaunchTests.swift */ = {isa = PBXFileReference; lastKnownFileType = sourcecode.swift; path = DigidentityUITestsLaunchTests.swift; sourceTree = "<group>"; };
		4CAA2AFD2747CA53006D0DDA /* ErrorService.swift */ = {isa = PBXFileReference; lastKnownFileType = sourcecode.swift; path = ErrorService.swift; sourceTree = "<group>"; };
		4CAA2AFF2747CAFB006D0DDA /* Enums.swift */ = {isa = PBXFileReference; lastKnownFileType = sourcecode.swift; path = Enums.swift; sourceTree = "<group>"; };
		4CAA2B012747CB23006D0DDA /* Extensions.swift */ = {isa = PBXFileReference; lastKnownFileType = sourcecode.swift; path = Extensions.swift; sourceTree = "<group>"; };
		4CAA2B032747CB74006D0DDA /* Router.swift */ = {isa = PBXFileReference; lastKnownFileType = sourcecode.swift; path = Router.swift; sourceTree = "<group>"; };
		4CAA2B072747CC4B006D0DDA /* CatalogItem.swift */ = {isa = PBXFileReference; lastKnownFileType = sourcecode.swift; path = CatalogItem.swift; sourceTree = "<group>"; };
		4CAA2B092747CC5B006D0DDA /* CatalogParams.swift */ = {isa = PBXFileReference; lastKnownFileType = sourcecode.swift; path = CatalogParams.swift; sourceTree = "<group>"; };
		4CAA2B0B2747CCD5006D0DDA /* RouterTest.swift */ = {isa = PBXFileReference; lastKnownFileType = sourcecode.swift; path = RouterTest.swift; sourceTree = "<group>"; };
		4CAA2B0D2747CD6A006D0DDA /* TestConstants.swift */ = {isa = PBXFileReference; lastKnownFileType = sourcecode.swift; path = TestConstants.swift; sourceTree = "<group>"; };
		4CAA2B0F2747CDBE006D0DDA /* APIService.swift */ = {isa = PBXFileReference; lastKnownFileType = sourcecode.swift; path = APIService.swift; sourceTree = "<group>"; };
		4CAA2B112747CE35006D0DDA /* APIServiceTest.swift */ = {isa = PBXFileReference; lastKnownFileType = sourcecode.swift; path = APIServiceTest.swift; sourceTree = "<group>"; };
		4CAA2B132747D101006D0DDA /* AES256.swift */ = {isa = PBXFileReference; lastKnownFileType = sourcecode.swift; path = AES256.swift; sourceTree = "<group>"; };
		4CAA2B152747D11A006D0DDA /* CryptorHelper.swift */ = {isa = PBXFileReference; lastKnownFileType = sourcecode.swift; path = CryptorHelper.swift; sourceTree = "<group>"; };
		4CAA2B172747D193006D0DDA /* CryptorHelperTest.swift */ = {isa = PBXFileReference; lastKnownFileType = sourcecode.swift; path = CryptorHelperTest.swift; sourceTree = "<group>"; };
		4CAA2B192747D761006D0DDA /* Cacher.swift */ = {isa = PBXFileReference; lastKnownFileType = sourcecode.swift; path = Cacher.swift; sourceTree = "<group>"; };
		4CAA2B1B2747D852006D0DDA /* CacherTest.swift */ = {isa = PBXFileReference; lastKnownFileType = sourcecode.swift; path = CacherTest.swift; sourceTree = "<group>"; };
		4CAA2B1D2747D9A4006D0DDA /* CatalogListViewModel.swift */ = {isa = PBXFileReference; lastKnownFileType = sourcecode.swift; path = CatalogListViewModel.swift; sourceTree = "<group>"; };
		4CAA2B1F2747D9DD006D0DDA /* CatalogCellViewModel.swift */ = {isa = PBXFileReference; lastKnownFileType = sourcecode.swift; path = CatalogCellViewModel.swift; sourceTree = "<group>"; };
		4CAA2B212747DB87006D0DDA /* CatalogListViewModelTest.swift */ = {isa = PBXFileReference; lastKnownFileType = sourcecode.swift; path = CatalogListViewModelTest.swift; sourceTree = "<group>"; };
		4CAA2B232747DBA8006D0DDA /* Items.json */ = {isa = PBXFileReference; lastKnownFileType = text.json; path = Items.json; sourceTree = "<group>"; };
		4CAA2B2B2747E230006D0DDA /* UIView+Anchor.swift */ = {isa = PBXFileReference; lastKnownFileType = sourcecode.swift; path = "UIView+Anchor.swift"; sourceTree = "<group>"; };
		4CAA2B2D2747E29B006D0DDA /* Extension+UIColor.swift */ = {isa = PBXFileReference; lastKnownFileType = sourcecode.swift; path = "Extension+UIColor.swift"; sourceTree = "<group>"; };
		4CAA2B2F2747E4EB006D0DDA /* Extension+UIImageView.swift */ = {isa = PBXFileReference; lastKnownFileType = sourcecode.swift; path = "Extension+UIImageView.swift"; sourceTree = "<group>"; };
		4CAA2B312747E541006D0DDA /* BaseViewController.swift */ = {isa = PBXFileReference; lastKnownFileType = sourcecode.swift; path = BaseViewController.swift; sourceTree = "<group>"; };
		4CAA2B362747E65E006D0DDA /* CatalogCell.swift */ = {isa = PBXFileReference; lastKnownFileType = sourcecode.swift; path = CatalogCell.swift; sourceTree = "<group>"; };
		4CAA2B382747E690006D0DDA /* LoadingCell.swift */ = {isa = PBXFileReference; lastKnownFileType = sourcecode.swift; path = LoadingCell.swift; sourceTree = "<group>"; };
		4CAA2B3B2747E70A006D0DDA /* CatalogCollectionView.swift */ = {isa = PBXFileReference; lastKnownFileType = sourcecode.swift; path = CatalogCollectionView.swift; sourceTree = "<group>"; };
		4CAA2B3E2747E7AC006D0DDA /* CatalogCollectionViewDelegate.swift */ = {isa = PBXFileReference; lastKnownFileType = sourcecode.swift; path = CatalogCollectionViewDelegate.swift; sourceTree = "<group>"; };
		4CAA2B412747E80A006D0DDA /* CatalogListViewController.swift */ = {isa = PBXFileReference; lastKnownFileType = sourcecode.swift; path = CatalogListViewController.swift; sourceTree = "<group>"; };
		4CAA2B432747E878006D0DDA /* CatalogDetailViewController.swift */ = {isa = PBXFileReference; lastKnownFileType = sourcecode.swift; path = CatalogDetailViewController.swift; sourceTree = "<group>"; };
/* End PBXFileReference section */

/* Begin PBXFrameworksBuildPhase section */
		4C389E6E2747BFC700F026B3 /* Frameworks */ = {
			isa = PBXFrameworksBuildPhase;
			buildActionMask = 2147483647;
			files = (
			);
			runOnlyForDeploymentPostprocessing = 0;
		};
		4C389E842747BFC800F026B3 /* Frameworks */ = {
			isa = PBXFrameworksBuildPhase;
			buildActionMask = 2147483647;
			files = (
			);
			runOnlyForDeploymentPostprocessing = 0;
		};
		4C389E8E2747BFC800F026B3 /* Frameworks */ = {
			isa = PBXFrameworksBuildPhase;
			buildActionMask = 2147483647;
			files = (
			);
			runOnlyForDeploymentPostprocessing = 0;
		};
/* End PBXFrameworksBuildPhase section */

/* Begin PBXGroup section */
		4C389E682747BFC700F026B3 = {
			isa = PBXGroup;
			children = (
				4C389E732747BFC700F026B3 /* Digidentity */,
				4C389E8A2747BFC800F026B3 /* DigidentityTests */,
				4C389E942747BFC900F026B3 /* DigidentityUITests */,
				4C389E722747BFC700F026B3 /* Products */,
			);
			sourceTree = "<group>";
		};
		4C389E722747BFC700F026B3 /* Products */ = {
			isa = PBXGroup;
			children = (
				4C389E712747BFC700F026B3 /* Digidentity.app */,
				4C389E872747BFC800F026B3 /* DigidentityTests.xctest */,
				4C389E912747BFC800F026B3 /* DigidentityUITests.xctest */,
			);
			name = Products;
			sourceTree = "<group>";
		};
		4C389E732747BFC700F026B3 /* Digidentity */ = {
			isa = PBXGroup;
			children = (
				4C389EA42747C01700F026B3 /* Models */,
				4C389EA52747C02000F026B3 /* ViewModels */,
				4C389EA62747C02D00F026B3 /* UI */,
				4C389EA72747C03700F026B3 /* Utils */,
				4C389EA82747C04700F026B3 /* Services */,
				4C389EA92747C05B00F026B3 /* System files */,
			);
			path = Digidentity;
			sourceTree = "<group>";
		};
		4C389E8A2747BFC800F026B3 /* DigidentityTests */ = {
			isa = PBXGroup;
			children = (
				4C389EAD2747C0A800F026B3 /* JSON */,
				4C389EAE2747C0B000F026B3 /* ViewModels */,
				4C389EAF2747C0BC00F026B3 /* Services */,
				4C389EB02747C0C900F026B3 /* Utils */,
				4C389EB12747C0D400F026B3 /* UI */,
			);
			path = DigidentityTests;
			sourceTree = "<group>";
		};
		4C389E942747BFC900F026B3 /* DigidentityUITests */ = {
			isa = PBXGroup;
			children = (
				4C389E952747BFC900F026B3 /* DigidentityUITests.swift */,
				4C389E972747BFC900F026B3 /* DigidentityUITestsLaunchTests.swift */,
			);
			path = DigidentityUITests;
			sourceTree = "<group>";
		};
		4C389EA42747C01700F026B3 /* Models */ = {
			isa = PBXGroup;
			children = (
				4CAA2B072747CC4B006D0DDA /* CatalogItem.swift */,
				4CAA2B092747CC5B006D0DDA /* CatalogParams.swift */,
			);
			path = Models;
			sourceTree = "<group>";
		};
		4C389EA52747C02000F026B3 /* ViewModels */ = {
			isa = PBXGroup;
			children = (
				4CAA2B1D2747D9A4006D0DDA /* CatalogListViewModel.swift */,
				4CAA2B1F2747D9DD006D0DDA /* CatalogCellViewModel.swift */,
			);
			path = ViewModels;
			sourceTree = "<group>";
		};
		4C389EA62747C02D00F026B3 /* UI */ = {
			isa = PBXGroup;
			children = (
				4C389EB22747C11100F026B3 /* Common */,
				4C389EB32747C11C00F026B3 /* Launch */,
				4C389EB42747C12C00F026B3 /* Catalog */,
				4C389EB52747C13700F026B3 /* Catalog Detail */,
			);
			path = UI;
			sourceTree = "<group>";
		};
		4C389EA72747C03700F026B3 /* Utils */ = {
			isa = PBXGroup;
			children = (
				4C389EAB2747C08700F026B3 /* Extensions */,
				4C389EAC2747C09000F026B3 /* Enums */,
				4C389EAA2747C07E00F026B3 /* Crypto */,
			);
			path = Utils;
			sourceTree = "<group>";
		};
		4C389EA82747C04700F026B3 /* Services */ = {
			isa = PBXGroup;
			children = (
				4CAA2B032747CB74006D0DDA /* Router.swift */,
				4CAA2B0F2747CDBE006D0DDA /* APIService.swift */,
				4CAA2AFD2747CA53006D0DDA /* ErrorService.swift */,
				4CAA2B192747D761006D0DDA /* Cacher.swift */,
			);
			path = Services;
			sourceTree = "<group>";
		};
		4C389EA92747C05B00F026B3 /* System files */ = {
			isa = PBXGroup;
			children = (
				4C389E742747BFC700F026B3 /* AppDelegate.swift */,
				4C389E7D2747BFC800F026B3 /* Assets.xcassets */,
				4C389E822747BFC800F026B3 /* Info.plist */,
			);
			path = "System files";
			sourceTree = "<group>";
		};
		4C389EAA2747C07E00F026B3 /* Crypto */ = {
			isa = PBXGroup;
			children = (
				4CAA2B132747D101006D0DDA /* AES256.swift */,
				4CAA2B152747D11A006D0DDA /* CryptorHelper.swift */,
			);
			path = Crypto;
			sourceTree = "<group>";
		};
		4C389EAB2747C08700F026B3 /* Extensions */ = {
			isa = PBXGroup;
			children = (
				4CAA2B012747CB23006D0DDA /* Extensions.swift */,
				4CAA2B2D2747E29B006D0DDA /* Extension+UIColor.swift */,
				4CAA2B2F2747E4EB006D0DDA /* Extension+UIImageView.swift */,
				4CAA2B2B2747E230006D0DDA /* UIView+Anchor.swift */,
			);
			path = Extensions;
			sourceTree = "<group>";
		};
		4C389EAC2747C09000F026B3 /* Enums */ = {
			isa = PBXGroup;
			children = (
				4CAA2AFF2747CAFB006D0DDA /* Enums.swift */,
			);
			path = Enums;
			sourceTree = "<group>";
		};
		4C389EAD2747C0A800F026B3 /* JSON */ = {
			isa = PBXGroup;
			children = (
				4CAA2B232747DBA8006D0DDA /* Items.json */,
			);
			path = JSON;
			sourceTree = "<group>";
		};
		4C389EAE2747C0B000F026B3 /* ViewModels */ = {
			isa = PBXGroup;
			children = (
				4CAA2B212747DB87006D0DDA /* CatalogListViewModelTest.swift */,
			);
			path = ViewModels;
			sourceTree = "<group>";
		};
		4C389EAF2747C0BC00F026B3 /* Services */ = {
			isa = PBXGroup;
			children = (
				4CAA2B0B2747CCD5006D0DDA /* RouterTest.swift */,
				4CAA2B112747CE35006D0DDA /* APIServiceTest.swift */,
				4CAA2B1B2747D852006D0DDA /* CacherTest.swift */,
			);
			path = Services;
			sourceTree = "<group>";
		};
		4C389EB02747C0C900F026B3 /* Utils */ = {
			isa = PBXGroup;
			children = (
				4CAA2B0D2747CD6A006D0DDA /* TestConstants.swift */,
				4CAA2B172747D193006D0DDA /* CryptorHelperTest.swift */,
			);
			path = Utils;
			sourceTree = "<group>";
		};
		4C389EB12747C0D400F026B3 /* UI */ = {
			isa = PBXGroup;
			children = (
			);
			path = UI;
			sourceTree = "<group>";
		};
		4C389EB22747C11100F026B3 /* Common */ = {
			isa = PBXGroup;
			children = (
				4CAA2B312747E541006D0DDA /* BaseViewController.swift */,
			);
			path = Common;
			sourceTree = "<group>";
		};
		4C389EB32747C11C00F026B3 /* Launch */ = {
			isa = PBXGroup;
			children = (
				4C389E7F2747BFC800F026B3 /* LaunchScreen.storyboard */,
			);
			path = Launch;
			sourceTree = "<group>";
		};
		4C389EB42747C12C00F026B3 /* Catalog */ = {
			isa = PBXGroup;
			children = (
				4CAA2B332747E60F006D0DDA /* Cells */,
				4CAA2B3A2747E6FB006D0DDA /* CustomViews */,
				4CAA2B3D2747E788006D0DDA /* Protocols */,
				4CAA2B402747E7C9006D0DDA /* Controller */,
			);
			path = Catalog;
			sourceTree = "<group>";
		};
		4C389EB52747C13700F026B3 /* Catalog Detail */ = {
			isa = PBXGroup;
			children = (
				4CAA2B432747E878006D0DDA /* CatalogDetailViewController.swift */,
			);
			path = "Catalog Detail";
			sourceTree = "<group>";
		};
		4CAA2B332747E60F006D0DDA /* Cells */ = {
			isa = PBXGroup;
			children = (
				4CAA2B362747E65E006D0DDA /* CatalogCell.swift */,
				4CAA2B382747E690006D0DDA /* LoadingCell.swift */,
			);
			path = Cells;
			sourceTree = "<group>";
		};
		4CAA2B3A2747E6FB006D0DDA /* CustomViews */ = {
			isa = PBXGroup;
			children = (
				4CAA2B3B2747E70A006D0DDA /* CatalogCollectionView.swift */,
			);
			path = CustomViews;
			sourceTree = "<group>";
		};
		4CAA2B3D2747E788006D0DDA /* Protocols */ = {
			isa = PBXGroup;
			children = (
				4CAA2B3E2747E7AC006D0DDA /* CatalogCollectionViewDelegate.swift */,
			);
			path = Protocols;
			sourceTree = "<group>";
		};
		4CAA2B402747E7C9006D0DDA /* Controller */ = {
			isa = PBXGroup;
			children = (
				4CAA2B412747E80A006D0DDA /* CatalogListViewController.swift */,
			);
			path = Controller;
			sourceTree = "<group>";
		};
/* End PBXGroup section */

/* Begin PBXNativeTarget section */
		4C389E702747BFC700F026B3 /* Digidentity */ = {
			isa = PBXNativeTarget;
			buildConfigurationList = 4C389E9B2747BFC900F026B3 /* Build configuration list for PBXNativeTarget "Digidentity" */;
			buildPhases = (
				4C389E6D2747BFC700F026B3 /* Sources */,
				4C389E6E2747BFC700F026B3 /* Frameworks */,
				4C389E6F2747BFC700F026B3 /* Resources */,
			);
			buildRules = (
			);
			dependencies = (
			);
			name = Digidentity;
			productName = Digidentity;
			productReference = 4C389E712747BFC700F026B3 /* Digidentity.app */;
			productType = "com.apple.product-type.application";
		};
		4C389E862747BFC800F026B3 /* DigidentityTests */ = {
			isa = PBXNativeTarget;
			buildConfigurationList = 4C389E9E2747BFC900F026B3 /* Build configuration list for PBXNativeTarget "DigidentityTests" */;
			buildPhases = (
				4C389E832747BFC800F026B3 /* Sources */,
				4C389E842747BFC800F026B3 /* Frameworks */,
				4C389E852747BFC800F026B3 /* Resources */,
			);
			buildRules = (
			);
			dependencies = (
				4C389E892747BFC800F026B3 /* PBXTargetDependency */,
			);
			name = DigidentityTests;
			productName = DigidentityTests;
			productReference = 4C389E872747BFC800F026B3 /* DigidentityTests.xctest */;
			productType = "com.apple.product-type.bundle.unit-test";
		};
		4C389E902747BFC800F026B3 /* DigidentityUITests */ = {
			isa = PBXNativeTarget;
			buildConfigurationList = 4C389EA12747BFC900F026B3 /* Build configuration list for PBXNativeTarget "DigidentityUITests" */;
			buildPhases = (
				4C389E8D2747BFC800F026B3 /* Sources */,
				4C389E8E2747BFC800F026B3 /* Frameworks */,
				4C389E8F2747BFC800F026B3 /* Resources */,
			);
			buildRules = (
			);
			dependencies = (
				4C389E932747BFC900F026B3 /* PBXTargetDependency */,
			);
			name = DigidentityUITests;
			productName = DigidentityUITests;
			productReference = 4C389E912747BFC800F026B3 /* DigidentityUITests.xctest */;
			productType = "com.apple.product-type.bundle.ui-testing";
		};
/* End PBXNativeTarget section */

/* Begin PBXProject section */
		4C389E692747BFC700F026B3 /* Project object */ = {
			isa = PBXProject;
			attributes = {
				BuildIndependentTargetsInParallel = 1;
				LastSwiftUpdateCheck = 1310;
				LastUpgradeCheck = 1310;
				TargetAttributes = {
					4C389E702747BFC700F026B3 = {
						CreatedOnToolsVersion = 13.1;
					};
					4C389E862747BFC800F026B3 = {
						CreatedOnToolsVersion = 13.1;
						LastSwiftMigration = 1310;
						TestTargetID = 4C389E702747BFC700F026B3;
					};
					4C389E902747BFC800F026B3 = {
						CreatedOnToolsVersion = 13.1;
						TestTargetID = 4C389E702747BFC700F026B3;
					};
				};
			};
			buildConfigurationList = 4C389E6C2747BFC700F026B3 /* Build configuration list for PBXProject "Digidentity" */;
			compatibilityVersion = "Xcode 13.0";
			developmentRegion = en;
			hasScannedForEncodings = 0;
			knownRegions = (
				en,
				Base,
			);
			mainGroup = 4C389E682747BFC700F026B3;
			productRefGroup = 4C389E722747BFC700F026B3 /* Products */;
			projectDirPath = "";
			projectRoot = "";
			targets = (
				4C389E702747BFC700F026B3 /* Digidentity */,
				4C389E862747BFC800F026B3 /* DigidentityTests */,
				4C389E902747BFC800F026B3 /* DigidentityUITests */,
			);
		};
/* End PBXProject section */

/* Begin PBXResourcesBuildPhase section */
		4C389E6F2747BFC700F026B3 /* Resources */ = {
			isa = PBXResourcesBuildPhase;
			buildActionMask = 2147483647;
			files = (
				4C389E812747BFC800F026B3 /* LaunchScreen.storyboard in Resources */,
				4C389E7E2747BFC800F026B3 /* Assets.xcassets in Resources */,
			);
			runOnlyForDeploymentPostprocessing = 0;
		};
		4C389E852747BFC800F026B3 /* Resources */ = {
			isa = PBXResourcesBuildPhase;
			buildActionMask = 2147483647;
			files = (
				4CAA2B242747DBA8006D0DDA /* Items.json in Resources */,
			);
			runOnlyForDeploymentPostprocessing = 0;
		};
		4C389E8F2747BFC800F026B3 /* Resources */ = {
			isa = PBXResourcesBuildPhase;
			buildActionMask = 2147483647;
			files = (
			);
			runOnlyForDeploymentPostprocessing = 0;
		};
/* End PBXResourcesBuildPhase section */

/* Begin PBXSourcesBuildPhase section */
		4C389E6D2747BFC700F026B3 /* Sources */ = {
			isa = PBXSourcesBuildPhase;
			buildActionMask = 2147483647;
			files = (
				4CAA2B1E2747D9A4006D0DDA /* CatalogListViewModel.swift in Sources */,
				4CAA2B142747D101006D0DDA /* AES256.swift in Sources */,
				4CAA2B162747D11A006D0DDA /* CryptorHelper.swift in Sources */,
				4CAA2B082747CC4B006D0DDA /* CatalogItem.swift in Sources */,
				4CAA2AFE2747CA53006D0DDA /* ErrorService.swift in Sources */,
				4CAA2B002747CAFB006D0DDA /* Enums.swift in Sources */,
				4CAA2B3F2747E7AC006D0DDA /* CatalogCollectionViewDelegate.swift in Sources */,
				4CAA2B1A2747D761006D0DDA /* Cacher.swift in Sources */,
				4CAA2B322747E541006D0DDA /* BaseViewController.swift in Sources */,
				4CAA2B042747CB74006D0DDA /* Router.swift in Sources */,
				4CAA2B0A2747CC5B006D0DDA /* CatalogParams.swift in Sources */,
				4CAA2B2C2747E230006D0DDA /* UIView+Anchor.swift in Sources */,
				4CAA2B422747E80A006D0DDA /* CatalogListViewController.swift in Sources */,
				4CAA2B302747E4EB006D0DDA /* Extension+UIImageView.swift in Sources */,
				4CAA2B3C2747E70A006D0DDA /* CatalogCollectionView.swift in Sources */,
				4C389E752747BFC700F026B3 /* AppDelegate.swift in Sources */,
				4CAA2B2E2747E29B006D0DDA /* Extension+UIColor.swift in Sources */,
				4CAA2B102747CDBE006D0DDA /* APIService.swift in Sources */,
				4CAA2B372747E65E006D0DDA /* CatalogCell.swift in Sources */,
				4CAA2B442747E878006D0DDA /* CatalogDetailViewController.swift in Sources */,
				4CAA2B202747D9DD006D0DDA /* CatalogCellViewModel.swift in Sources */,
				4CAA2B022747CB23006D0DDA /* Extensions.swift in Sources */,
				4CAA2B392747E690006D0DDA /* LoadingCell.swift in Sources */,
			);
			runOnlyForDeploymentPostprocessing = 0;
		};
		4C389E832747BFC800F026B3 /* Sources */ = {
			isa = PBXSourcesBuildPhase;
			buildActionMask = 2147483647;
			files = (
				4CAA2B122747CE35006D0DDA /* APIServiceTest.swift in Sources */,
				4CAA2B1C2747D852006D0DDA /* CacherTest.swift in Sources */,
				4CAA2B182747D193006D0DDA /* CryptorHelperTest.swift in Sources */,
				4CAA2B0C2747CCD5006D0DDA /* RouterTest.swift in Sources */,
				4CAA2B222747DB87006D0DDA /* CatalogListViewModelTest.swift in Sources */,
				4CAA2B0E2747CD6A006D0DDA /* TestConstants.swift in Sources */,
			);
			runOnlyForDeploymentPostprocessing = 0;
		};
		4C389E8D2747BFC800F026B3 /* Sources */ = {
			isa = PBXSourcesBuildPhase;
			buildActionMask = 2147483647;
			files = (
				4C389E962747BFC900F026B3 /* DigidentityUITests.swift in Sources */,
				4C389E982747BFC900F026B3 /* DigidentityUITestsLaunchTests.swift in Sources */,
			);
			runOnlyForDeploymentPostprocessing = 0;
		};
/* End PBXSourcesBuildPhase section */

/* Begin PBXTargetDependency section */
		4C389E892747BFC800F026B3 /* PBXTargetDependency */ = {
			isa = PBXTargetDependency;
			target = 4C389E702747BFC700F026B3 /* Digidentity */;
			targetProxy = 4C389E882747BFC800F026B3 /* PBXContainerItemProxy */;
		};
		4C389E932747BFC900F026B3 /* PBXTargetDependency */ = {
			isa = PBXTargetDependency;
			target = 4C389E702747BFC700F026B3 /* Digidentity */;
			targetProxy = 4C389E922747BFC900F026B3 /* PBXContainerItemProxy */;
		};
/* End PBXTargetDependency section */

/* Begin PBXVariantGroup section */
		4C389E7F2747BFC800F026B3 /* LaunchScreen.storyboard */ = {
			isa = PBXVariantGroup;
			children = (
				4C389E802747BFC800F026B3 /* Base */,
			);
			name = LaunchScreen.storyboard;
			sourceTree = "<group>";
		};
/* End PBXVariantGroup section */

/* Begin XCBuildConfiguration section */
		4C389E992747BFC900F026B3 /* Debug */ = {
			isa = XCBuildConfiguration;
			buildSettings = {
				ALWAYS_SEARCH_USER_PATHS = NO;
				CLANG_ANALYZER_NONNULL = YES;
				CLANG_ANALYZER_NUMBER_OBJECT_CONVERSION = YES_AGGRESSIVE;
				CLANG_CXX_LANGUAGE_STANDARD = "gnu++17";
				CLANG_CXX_LIBRARY = "libc++";
				CLANG_ENABLE_MODULES = YES;
				CLANG_ENABLE_OBJC_ARC = YES;
				CLANG_ENABLE_OBJC_WEAK = YES;
				CLANG_WARN_BLOCK_CAPTURE_AUTORELEASING = YES;
				CLANG_WARN_BOOL_CONVERSION = YES;
				CLANG_WARN_COMMA = YES;
				CLANG_WARN_CONSTANT_CONVERSION = YES;
				CLANG_WARN_DEPRECATED_OBJC_IMPLEMENTATIONS = YES;
				CLANG_WARN_DIRECT_OBJC_ISA_USAGE = YES_ERROR;
				CLANG_WARN_DOCUMENTATION_COMMENTS = YES;
				CLANG_WARN_EMPTY_BODY = YES;
				CLANG_WARN_ENUM_CONVERSION = YES;
				CLANG_WARN_INFINITE_RECURSION = YES;
				CLANG_WARN_INT_CONVERSION = YES;
				CLANG_WARN_NON_LITERAL_NULL_CONVERSION = YES;
				CLANG_WARN_OBJC_IMPLICIT_RETAIN_SELF = YES;
				CLANG_WARN_OBJC_LITERAL_CONVERSION = YES;
				CLANG_WARN_OBJC_ROOT_CLASS = YES_ERROR;
				CLANG_WARN_QUOTED_INCLUDE_IN_FRAMEWORK_HEADER = YES;
				CLANG_WARN_RANGE_LOOP_ANALYSIS = YES;
				CLANG_WARN_STRICT_PROTOTYPES = YES;
				CLANG_WARN_SUSPICIOUS_MOVE = YES;
				CLANG_WARN_UNGUARDED_AVAILABILITY = YES_AGGRESSIVE;
				CLANG_WARN_UNREACHABLE_CODE = YES;
				CLANG_WARN__DUPLICATE_METHOD_MATCH = YES;
				COPY_PHASE_STRIP = NO;
				DEBUG_INFORMATION_FORMAT = dwarf;
				ENABLE_STRICT_OBJC_MSGSEND = YES;
				ENABLE_TESTABILITY = YES;
				GCC_C_LANGUAGE_STANDARD = gnu11;
				GCC_DYNAMIC_NO_PIC = NO;
				GCC_NO_COMMON_BLOCKS = YES;
				GCC_OPTIMIZATION_LEVEL = 0;
				GCC_PREPROCESSOR_DEFINITIONS = (
					"DEBUG=1",
					"$(inherited)",
				);
				GCC_WARN_64_TO_32_BIT_CONVERSION = YES;
				GCC_WARN_ABOUT_RETURN_TYPE = YES_ERROR;
				GCC_WARN_UNDECLARED_SELECTOR = YES;
				GCC_WARN_UNINITIALIZED_AUTOS = YES_AGGRESSIVE;
				GCC_WARN_UNUSED_FUNCTION = YES;
				GCC_WARN_UNUSED_VARIABLE = YES;
				IPHONEOS_DEPLOYMENT_TARGET = 12.0;
				MTL_ENABLE_DEBUG_INFO = INCLUDE_SOURCE;
				MTL_FAST_MATH = YES;
				ONLY_ACTIVE_ARCH = YES;
				SDKROOT = iphoneos;
				SWIFT_ACTIVE_COMPILATION_CONDITIONS = DEBUG;
				SWIFT_OPTIMIZATION_LEVEL = "-Onone";
			};
			name = Debug;
		};
		4C389E9A2747BFC900F026B3 /* Release */ = {
			isa = XCBuildConfiguration;
			buildSettings = {
				ALWAYS_SEARCH_USER_PATHS = NO;
				CLANG_ANALYZER_NONNULL = YES;
				CLANG_ANALYZER_NUMBER_OBJECT_CONVERSION = YES_AGGRESSIVE;
				CLANG_CXX_LANGUAGE_STANDARD = "gnu++17";
				CLANG_CXX_LIBRARY = "libc++";
				CLANG_ENABLE_MODULES = YES;
				CLANG_ENABLE_OBJC_ARC = YES;
				CLANG_ENABLE_OBJC_WEAK = YES;
				CLANG_WARN_BLOCK_CAPTURE_AUTORELEASING = YES;
				CLANG_WARN_BOOL_CONVERSION = YES;
				CLANG_WARN_COMMA = YES;
				CLANG_WARN_CONSTANT_CONVERSION = YES;
				CLANG_WARN_DEPRECATED_OBJC_IMPLEMENTATIONS = YES;
				CLANG_WARN_DIRECT_OBJC_ISA_USAGE = YES_ERROR;
				CLANG_WARN_DOCUMENTATION_COMMENTS = YES;
				CLANG_WARN_EMPTY_BODY = YES;
				CLANG_WARN_ENUM_CONVERSION = YES;
				CLANG_WARN_INFINITE_RECURSION = YES;
				CLANG_WARN_INT_CONVERSION = YES;
				CLANG_WARN_NON_LITERAL_NULL_CONVERSION = YES;
				CLANG_WARN_OBJC_IMPLICIT_RETAIN_SELF = YES;
				CLANG_WARN_OBJC_LITERAL_CONVERSION = YES;
				CLANG_WARN_OBJC_ROOT_CLASS = YES_ERROR;
				CLANG_WARN_QUOTED_INCLUDE_IN_FRAMEWORK_HEADER = YES;
				CLANG_WARN_RANGE_LOOP_ANALYSIS = YES;
				CLANG_WARN_STRICT_PROTOTYPES = YES;
				CLANG_WARN_SUSPICIOUS_MOVE = YES;
				CLANG_WARN_UNGUARDED_AVAILABILITY = YES_AGGRESSIVE;
				CLANG_WARN_UNREACHABLE_CODE = YES;
				CLANG_WARN__DUPLICATE_METHOD_MATCH = YES;
				COPY_PHASE_STRIP = NO;
				DEBUG_INFORMATION_FORMAT = "dwarf-with-dsym";
				ENABLE_NS_ASSERTIONS = NO;
				ENABLE_STRICT_OBJC_MSGSEND = YES;
				GCC_C_LANGUAGE_STANDARD = gnu11;
				GCC_NO_COMMON_BLOCKS = YES;
				GCC_WARN_64_TO_32_BIT_CONVERSION = YES;
				GCC_WARN_ABOUT_RETURN_TYPE = YES_ERROR;
				GCC_WARN_UNDECLARED_SELECTOR = YES;
				GCC_WARN_UNINITIALIZED_AUTOS = YES_AGGRESSIVE;
				GCC_WARN_UNUSED_FUNCTION = YES;
				GCC_WARN_UNUSED_VARIABLE = YES;
				IPHONEOS_DEPLOYMENT_TARGET = 12.0;
				MTL_ENABLE_DEBUG_INFO = NO;
				MTL_FAST_MATH = YES;
				SDKROOT = iphoneos;
				SWIFT_COMPILATION_MODE = wholemodule;
				SWIFT_OPTIMIZATION_LEVEL = "-O";
				VALIDATE_PRODUCT = YES;
			};
			name = Release;
		};
		4C389E9C2747BFC900F026B3 /* Debug */ = {
			isa = XCBuildConfiguration;
			buildSettings = {
				ASSETCATALOG_COMPILER_APPICON_NAME = AppIcon;
				ASSETCATALOG_COMPILER_GLOBAL_ACCENT_COLOR_NAME = AccentColor;
				CODE_SIGN_STYLE = Automatic;
				CURRENT_PROJECT_VERSION = 1;
				DEVELOPMENT_TEAM = JE4QC5797R;
				GENERATE_INFOPLIST_FILE = YES;
				INFOPLIST_FILE = "Digidentity/System files/Info.plist";
				INFOPLIST_KEY_UIApplicationSupportsIndirectInputEvents = YES;
				INFOPLIST_KEY_UILaunchStoryboardName = LaunchScreen;
				INFOPLIST_KEY_UISupportedInterfaceOrientations = "UIInterfaceOrientationLandscapeLeft UIInterfaceOrientationLandscapeRight UIInterfaceOrientationPortrait";
				INFOPLIST_KEY_UISupportedInterfaceOrientations_iPad = "UIInterfaceOrientationPortrait UIInterfaceOrientationPortraitUpsideDown UIInterfaceOrientationLandscapeLeft UIInterfaceOrientationLandscapeRight";
				INFOPLIST_KEY_UISupportedInterfaceOrientations_iPhone = "UIInterfaceOrientationPortrait UIInterfaceOrientationLandscapeLeft UIInterfaceOrientationLandscapeRight";
				LD_RUNPATH_SEARCH_PATHS = (
					"$(inherited)",
					"@executable_path/Frameworks",
				);
				MARKETING_VERSION = 1.0;
				PRODUCT_BUNDLE_IDENTIFIER = com.zibeyda.Digidentity;
				PRODUCT_NAME = "$(TARGET_NAME)";
				SWIFT_EMIT_LOC_STRINGS = YES;
				SWIFT_VERSION = 5.0;
				TARGETED_DEVICE_FAMILY = "1,2";
			};
			name = Debug;
		};
		4C389E9D2747BFC900F026B3 /* Release */ = {
			isa = XCBuildConfiguration;
			buildSettings = {
				ASSETCATALOG_COMPILER_APPICON_NAME = AppIcon;
				ASSETCATALOG_COMPILER_GLOBAL_ACCENT_COLOR_NAME = AccentColor;
				CODE_SIGN_STYLE = Automatic;
				CURRENT_PROJECT_VERSION = 1;
				DEVELOPMENT_TEAM = JE4QC5797R;
				GENERATE_INFOPLIST_FILE = YES;
				INFOPLIST_FILE = "Digidentity/System files/Info.plist";
				INFOPLIST_KEY_UIApplicationSupportsIndirectInputEvents = YES;
				INFOPLIST_KEY_UILaunchStoryboardName = LaunchScreen;
				INFOPLIST_KEY_UISupportedInterfaceOrientations = "UIInterfaceOrientationLandscapeLeft UIInterfaceOrientationLandscapeRight UIInterfaceOrientationPortrait";
				INFOPLIST_KEY_UISupportedInterfaceOrientations_iPad = "UIInterfaceOrientationPortrait UIInterfaceOrientationPortraitUpsideDown UIInterfaceOrientationLandscapeLeft UIInterfaceOrientationLandscapeRight";
				INFOPLIST_KEY_UISupportedInterfaceOrientations_iPhone = "UIInterfaceOrientationPortrait UIInterfaceOrientationLandscapeLeft UIInterfaceOrientationLandscapeRight";
				LD_RUNPATH_SEARCH_PATHS = (
					"$(inherited)",
					"@executable_path/Frameworks",
				);
				MARKETING_VERSION = 1.0;
				PRODUCT_BUNDLE_IDENTIFIER = com.zibeyda.Digidentity;
				PRODUCT_NAME = "$(TARGET_NAME)";
				SWIFT_EMIT_LOC_STRINGS = YES;
				SWIFT_VERSION = 5.0;
				TARGETED_DEVICE_FAMILY = "1,2";
			};
			name = Release;
		};
		4C389E9F2747BFC900F026B3 /* Debug */ = {
			isa = XCBuildConfiguration;
			buildSettings = {
				ALWAYS_EMBED_SWIFT_STANDARD_LIBRARIES = YES;
				BUNDLE_LOADER = "$(TEST_HOST)";
				CLANG_ENABLE_MODULES = YES;
				CODE_SIGN_STYLE = Automatic;
				CURRENT_PROJECT_VERSION = 1;
				DEVELOPMENT_TEAM = JE4QC5797R;
				GENERATE_INFOPLIST_FILE = YES;
				IPHONEOS_DEPLOYMENT_TARGET = 15.0;
				LD_RUNPATH_SEARCH_PATHS = (
					"$(inherited)",
					"@executable_path/Frameworks",
					"@loader_path/Frameworks",
				);
				MARKETING_VERSION = 1.0;
				PRODUCT_BUNDLE_IDENTIFIER = com.zibeyda.DigidentityTests;
				PRODUCT_NAME = "$(TARGET_NAME)";
				SWIFT_EMIT_LOC_STRINGS = NO;
				SWIFT_OPTIMIZATION_LEVEL = "-Onone";
				SWIFT_VERSION = 5.0;
				TARGETED_DEVICE_FAMILY = "1,2";
				TEST_HOST = "$(BUILT_PRODUCTS_DIR)/Digidentity.app/Digidentity";
			};
			name = Debug;
		};
		4C389EA02747BFC900F026B3 /* Release */ = {
			isa = XCBuildConfiguration;
			buildSettings = {
				ALWAYS_EMBED_SWIFT_STANDARD_LIBRARIES = YES;
				BUNDLE_LOADER = "$(TEST_HOST)";
				CLANG_ENABLE_MODULES = YES;
				CODE_SIGN_STYLE = Automatic;
				CURRENT_PROJECT_VERSION = 1;
				DEVELOPMENT_TEAM = JE4QC5797R;
				GENERATE_INFOPLIST_FILE = YES;
				IPHONEOS_DEPLOYMENT_TARGET = 15.0;
				LD_RUNPATH_SEARCH_PATHS = (
					"$(inherited)",
					"@executable_path/Frameworks",
					"@loader_path/Frameworks",
				);
				MARKETING_VERSION = 1.0;
				PRODUCT_BUNDLE_IDENTIFIER = com.zibeyda.DigidentityTests;
				PRODUCT_NAME = "$(TARGET_NAME)";
				SWIFT_EMIT_LOC_STRINGS = NO;
				SWIFT_VERSION = 5.0;
				TARGETED_DEVICE_FAMILY = "1,2";
				TEST_HOST = "$(BUILT_PRODUCTS_DIR)/Digidentity.app/Digidentity";
			};
			name = Release;
		};
		4C389EA22747BFC900F026B3 /* Debug */ = {
			isa = XCBuildConfiguration;
			buildSettings = {
				ALWAYS_EMBED_SWIFT_STANDARD_LIBRARIES = YES;
				CODE_SIGN_STYLE = Automatic;
				CURRENT_PROJECT_VERSION = 1;
				DEVELOPMENT_TEAM = JE4QC5797R;
				GENERATE_INFOPLIST_FILE = YES;
				LD_RUNPATH_SEARCH_PATHS = (
					"$(inherited)",
					"@executable_path/Frameworks",
					"@loader_path/Frameworks",
				);
				MARKETING_VERSION = 1.0;
				PRODUCT_BUNDLE_IDENTIFIER = com.zibeyda.DigidentityUITests;
				PRODUCT_NAME = "$(TARGET_NAME)";
				SWIFT_EMIT_LOC_STRINGS = NO;
				SWIFT_VERSION = 5.0;
				TARGETED_DEVICE_FAMILY = "1,2";
				TEST_TARGET_NAME = Digidentity;
			};
			name = Debug;
		};
		4C389EA32747BFC900F026B3 /* Release */ = {
			isa = XCBuildConfiguration;
			buildSettings = {
				ALWAYS_EMBED_SWIFT_STANDARD_LIBRARIES = YES;
				CODE_SIGN_STYLE = Automatic;
				CURRENT_PROJECT_VERSION = 1;
				DEVELOPMENT_TEAM = JE4QC5797R;
				GENERATE_INFOPLIST_FILE = YES;
				LD_RUNPATH_SEARCH_PATHS = (
					"$(inherited)",
					"@executable_path/Frameworks",
					"@loader_path/Frameworks",
				);
				MARKETING_VERSION = 1.0;
				PRODUCT_BUNDLE_IDENTIFIER = com.zibeyda.DigidentityUITests;
				PRODUCT_NAME = "$(TARGET_NAME)";
				SWIFT_EMIT_LOC_STRINGS = NO;
				SWIFT_VERSION = 5.0;
				TARGETED_DEVICE_FAMILY = "1,2";
				TEST_TARGET_NAME = Digidentity;
			};
			name = Release;
		};
/* End XCBuildConfiguration section */

/* Begin XCConfigurationList section */
		4C389E6C2747BFC700F026B3 /* Build configuration list for PBXProject "Digidentity" */ = {
			isa = XCConfigurationList;
			buildConfigurations = (
				4C389E992747BFC900F026B3 /* Debug */,
				4C389E9A2747BFC900F026B3 /* Release */,
			);
			defaultConfigurationIsVisible = 0;
			defaultConfigurationName = Release;
		};
		4C389E9B2747BFC900F026B3 /* Build configuration list for PBXNativeTarget "Digidentity" */ = {
			isa = XCConfigurationList;
			buildConfigurations = (
				4C389E9C2747BFC900F026B3 /* Debug */,
				4C389E9D2747BFC900F026B3 /* Release */,
			);
			defaultConfigurationIsVisible = 0;
			defaultConfigurationName = Release;
		};
		4C389E9E2747BFC900F026B3 /* Build configuration list for PBXNativeTarget "DigidentityTests" */ = {
			isa = XCConfigurationList;
			buildConfigurations = (
				4C389E9F2747BFC900F026B3 /* Debug */,
				4C389EA02747BFC900F026B3 /* Release */,
			);
			defaultConfigurationIsVisible = 0;
			defaultConfigurationName = Release;
		};
		4C389EA12747BFC900F026B3 /* Build configuration list for PBXNativeTarget "DigidentityUITests" */ = {
			isa = XCConfigurationList;
			buildConfigurations = (
				4C389EA22747BFC900F026B3 /* Debug */,
				4C389EA32747BFC900F026B3 /* Release */,
			);
			defaultConfigurationIsVisible = 0;
			defaultConfigurationName = Release;
		};
/* End XCConfigurationList section */
	};
	rootObject = 4C389E692747BFC700F026B3 /* Project object */;
}
